
Microsoft Visual Studio Solution File, Format Version 12.00
# Visual Studio Version 16
VisualStudioVersion = 16.0.31205.134
MinimumVisualStudioVersion = 10.0.40219.1
Project("{9A19103F-16F7-4668-BE54-9A1E7A4F7556}") = "BulkyBook", "BulkyBook.csproj", "{F258ADDF-23E0-4487-87FB-8F656DFDC332}"
EndProject
Project("{9A19103F-16F7-4668-BE54-9A1E7A4F7556}") = "BulkyBook.DataAccess", "..\BulkyBook.DataAccess\BulkyBook.DataAccess.csproj", "{8F8543A2-19E6-4D83-9762-0DB14C006BE8}"
EndProject
Project("{9A19103F-16F7-4668-BE54-9A1E7A4F7556}") = "BulkyBook.Models", "..\BulkyBook.Models\BulkyBook.Models.csproj", "{1A2083D6-F798-4762-9333-3CE359EB4646}"
EndProject
Project("{9A19103F-16F7-4668-BE54-9A1E7A4F7556}") = "BulkyBook.Utility", "..\BulkyBook.Utility\BulkyBook.Utility.csproj", "{7153F909-8D22-4C10-B00D-B94EAF7E8758}"
EndProject
Global
	GlobalSection(SolutionConfigurationPlatforms) = preSolution
		Debug|Any CPU = Debug|Any CPU
		Release|Any CPU = Release|Any CPU
	EndGlobalSection
	GlobalSection(ProjectConfigurationPlatforms) = postSolution
		{F258ADDF-23E0-4487-87FB-8F656DFDC332}.Debug|Any CPU.ActiveCfg = Debug|Any CPU
		{F258ADDF-23E0-4487-87FB-8F656DFDC332}.Debug|Any CPU.Build.0 = Debug|Any CPU
		{F258ADDF-23E0-4487-87FB-8F656DFDC332}.Release|Any CPU.ActiveCfg = Release|Any CPU
		{F258ADDF-23E0-4487-87FB-8F656DFDC332}.Release|Any CPU.Build.0 = Release|Any CPU
		{8F8543A2-19E6-4D83-9762-0DB14C006BE8}.Debug|Any CPU.ActiveCfg = Debug|Any CPU
		{8F8543A2-19E6-4D83-9762-0DB14C006BE8}.Debug|Any CPU.Build.0 = Debug|Any CPU
		{8F8543A2-19E6-4D83-9762-0DB14C006BE8}.Release|Any CPU.ActiveCfg = Release|Any CPU
		{8F8543A2-19E6-4D83-9762-0DB14C006BE8}.Release|Any CPU.Build.0 = Release|Any CPU
		{1A2083D6-F798-4762-9333-3CE359EB4646}.Debug|Any CPU.ActiveCfg = Debug|Any CPU
		{1A2083D6-F798-4762-9333-3CE359EB4646}.Debug|Any CPU.Build.0 = Debug|Any CPU
		{1A2083D6-F798-4762-9333-3CE359EB4646}.Release|Any CPU.ActiveCfg = Release|Any CPU
		{1A2083D6-F798-4762-9333-3CE359EB4646}.Release|Any CPU.Build.0 = Release|Any CPU
		{7153F909-8D22-4C10-B00D-B94EAF7E8758}.Debug|Any CPU.ActiveCfg = Debug|Any CPU
		{7153F909-8D22-4C10-B00D-B94EAF7E8758}.Debug|Any CPU.Build.0 = Debug|Any CPU
		{7153F909-8D22-4C10-B00D-B94EAF7E8758}.Release|Any CPU.ActiveCfg = Release|Any CPU
		{7153F909-8D22-4C10-B00D-B94EAF7E8758}.Release|Any CPU.Build.0 = Release|Any CPU
	EndGlobalSection
	GlobalSection(SolutionProperties) = preSolution
		HideSolutionNode = FALSE
	EndGlobalSection
	GlobalSection(ExtensibilityGlobals) = postSolution
		SolutionGuid = {14E5B52E-8C2D-49C8-AF0E-910CFE6B29A2}
	EndGlobalSection
EndGlobal
